// !$*UTF8*$!
{
	archiveVersion = 1;
	classes = {
	};
	objectVersion = 56;
	objects = {

/* Begin PBXBuildFile section */
		751263902ACD60CD00E4BD70 /* RijksmuseumFeed.framework in Embed Frameworks */ = {isa = PBXBuildFile; fileRef = 756BB82F2ACD596800807FF7 /* RijksmuseumFeed.framework */; settings = {ATTRIBUTES = (CodeSignOnCopy, RemoveHeadersOnCopy, ); }; };
		751263912ACD60EF00E4BD70 /* FeedItem.swift in Sources */ = {isa = PBXBuildFile; fileRef = 757CB0B82ACC31B300C8BB1A /* FeedItem.swift */; };
		7536413A2ACF1E3500F3050A /* RemoteFeedLoader.swift in Sources */ = {isa = PBXBuildFile; fileRef = 753641392ACF1E3500F3050A /* RemoteFeedLoader.swift */; };
		7536413C2ACF1E6100F3050A /* RemoteFeedItem.swift in Sources */ = {isa = PBXBuildFile; fileRef = 7536413B2ACF1E6100F3050A /* RemoteFeedItem.swift */; };
		7536413E2ACFEC0000F3050A /* FeedItemViewModel+Prototype.swift in Sources */ = {isa = PBXBuildFile; fileRef = 7536413D2ACFEC0000F3050A /* FeedItemViewModel+Prototype.swift */; };
		753641402ACFEC7D00F3050A /* FeedItemCell.swift in Sources */ = {isa = PBXBuildFile; fileRef = 7536413F2ACFEC7D00F3050A /* FeedItemCell.swift */; };
		753641422ACFFC2900F3050A /* FeedViewControllerTests.swift in Sources */ = {isa = PBXBuildFile; fileRef = 753641412ACFFC2900F3050A /* FeedViewControllerTests.swift */; };
		753641442AD001A100F3050A /* XCTestCase+Helpers.swift in Sources */ = {isa = PBXBuildFile; fileRef = 753641432AD001A100F3050A /* XCTestCase+Helpers.swift */; };
		753641452AD001AD00F3050A /* XCTestCase+Helpers.swift in Sources */ = {isa = PBXBuildFile; fileRef = 753641432AD001A100F3050A /* XCTestCase+Helpers.swift */; };
		756BB8372ACD596800807FF7 /* RijksmuseumFeed.framework in Frameworks */ = {isa = PBXBuildFile; fileRef = 756BB82F2ACD596800807FF7 /* RijksmuseumFeed.framework */; };
		756BB8422ACD596800807FF7 /* RijksmuseumFeed.framework in Frameworks */ = {isa = PBXBuildFile; fileRef = 756BB82F2ACD596800807FF7 /* RijksmuseumFeed.framework */; };
		756BB84B2ACD5B2200807FF7 /* HTTPClient.swift in Sources */ = {isa = PBXBuildFile; fileRef = 757CB0BB2ACC335900C8BB1A /* HTTPClient.swift */; };
		756BB84C2ACD5B2600807FF7 /* URLSessionHTTPClient.swift in Sources */ = {isa = PBXBuildFile; fileRef = 757CB0BD2ACC33A000C8BB1A /* URLSessionHTTPClient.swift */; };
		756BB84D2ACD5B4C00807FF7 /* URLSessionHTTPClientTests.swift in Sources */ = {isa = PBXBuildFile; fileRef = 757CB0C02ACC350800C8BB1A /* URLSessionHTTPClientTests.swift */; };
		756BB84E2ACD5B5100807FF7 /* RemoteFeedLoaderTests.swift in Sources */ = {isa = PBXBuildFile; fileRef = 756BB8282ACC978C00807FF7 /* RemoteFeedLoaderTests.swift */; };
		757CB0852ACC2C4F00C8BB1A /* SceneDelegate.swift in Sources */ = {isa = PBXBuildFile; fileRef = 757CB0842ACC2C4F00C8BB1A /* SceneDelegate.swift */; };
		757CB0872ACC2C4F00C8BB1A /* FeedViewController.swift in Sources */ = {isa = PBXBuildFile; fileRef = 757CB0862ACC2C4F00C8BB1A /* FeedViewController.swift */; };
		757CB08A2ACC2C4F00C8BB1A /* Main.storyboard in Resources */ = {isa = PBXBuildFile; fileRef = 757CB0882ACC2C4F00C8BB1A /* Main.storyboard */; };
		757CB08C2ACC2C5000C8BB1A /* Assets.xcassets in Resources */ = {isa = PBXBuildFile; fileRef = 757CB08B2ACC2C5000C8BB1A /* Assets.xcassets */; };
		757CB08F2ACC2C5000C8BB1A /* LaunchScreen.storyboard in Resources */ = {isa = PBXBuildFile; fileRef = 757CB08D2ACC2C5000C8BB1A /* LaunchScreen.storyboard */; };
		757CB0B62ACC2DEA00C8BB1A /* AppDelegate.swift in Sources */ = {isa = PBXBuildFile; fileRef = 757CB0B52ACC2DEA00C8BB1A /* AppDelegate.swift */; };
		75BB79AA2AD0580200727138 /* UIView+Shimmering.swift in Sources */ = {isa = PBXBuildFile; fileRef = 75BB79A92AD0580200727138 /* UIView+Shimmering.swift */; };
		75BB79AB2AD0587F00727138 /* UIView+Shimmering.swift in Sources */ = {isa = PBXBuildFile; fileRef = 75BB79A92AD0580200727138 /* UIView+Shimmering.swift */; };
		75E455092AD1482000CD3D32 /* UIComposer.swift in Sources */ = {isa = PBXBuildFile; fileRef = 75E455082AD1482000CD3D32 /* UIComposer.swift */; };
		75E4550D2AD14A3700CD3D32 /* RMAuthorizedHttpClient.swift in Sources */ = {isa = PBXBuildFile; fileRef = 75E4550C2AD14A3700CD3D32 /* RMAuthorizedHttpClient.swift */; };
/* End PBXBuildFile section */

/* Begin PBXContainerItemProxy section */
		7512638E2ACD5F3200E4BD70 /* PBXContainerItemProxy */ = {
			isa = PBXContainerItemProxy;
			containerPortal = 757CB0772ACC2C4F00C8BB1A /* Project object */;
			proxyType = 1;
			remoteGlobalIDString = 757CB07E2ACC2C4F00C8BB1A;
			remoteInfo = Rijksmuseum;
		};
		756BB8382ACD596800807FF7 /* PBXContainerItemProxy */ = {
			isa = PBXContainerItemProxy;
			containerPortal = 757CB0772ACC2C4F00C8BB1A /* Project object */;
			proxyType = 1;
			remoteGlobalIDString = 756BB82E2ACD596800807FF7;
			remoteInfo = RijskmuseumFeed;
		};
		756BB8402ACD596800807FF7 /* PBXContainerItemProxy */ = {
			isa = PBXContainerItemProxy;
			containerPortal = 757CB0772ACC2C4F00C8BB1A /* Project object */;
			proxyType = 1;
			remoteGlobalIDString = 756BB82E2ACD596800807FF7;
			remoteInfo = RijskmuseumFeed;
		};
		757CB0962ACC2C5000C8BB1A /* PBXContainerItemProxy */ = {
			isa = PBXContainerItemProxy;
			containerPortal = 757CB0772ACC2C4F00C8BB1A /* Project object */;
			proxyType = 1;
			remoteGlobalIDString = 757CB07E2ACC2C4F00C8BB1A;
			remoteInfo = Rijksmuseum;
		};
/* End PBXContainerItemProxy section */

/* Begin PBXCopyFilesBuildPhase section */
		756BB8472ACD596800807FF7 /* Embed Frameworks */ = {
			isa = PBXCopyFilesBuildPhase;
			buildActionMask = 2147483647;
			dstPath = "";
			dstSubfolderSpec = 10;
			files = (
				751263902ACD60CD00E4BD70 /* RijksmuseumFeed.framework in Embed Frameworks */,
			);
			name = "Embed Frameworks";
			runOnlyForDeploymentPostprocessing = 0;
		};
/* End PBXCopyFilesBuildPhase section */

/* Begin PBXFileReference section */
		753641392ACF1E3500F3050A /* RemoteFeedLoader.swift */ = {isa = PBXFileReference; lastKnownFileType = sourcecode.swift; path = RemoteFeedLoader.swift; sourceTree = "<group>"; };
		7536413B2ACF1E6100F3050A /* RemoteFeedItem.swift */ = {isa = PBXFileReference; lastKnownFileType = sourcecode.swift; path = RemoteFeedItem.swift; sourceTree = "<group>"; };
		7536413D2ACFEC0000F3050A /* FeedItemViewModel+Prototype.swift */ = {isa = PBXFileReference; lastKnownFileType = sourcecode.swift; path = "FeedItemViewModel+Prototype.swift"; sourceTree = "<group>"; };
		7536413F2ACFEC7D00F3050A /* FeedItemCell.swift */ = {isa = PBXFileReference; lastKnownFileType = sourcecode.swift; path = FeedItemCell.swift; sourceTree = "<group>"; };
		753641412ACFFC2900F3050A /* FeedViewControllerTests.swift */ = {isa = PBXFileReference; lastKnownFileType = sourcecode.swift; path = FeedViewControllerTests.swift; sourceTree = "<group>"; };
		753641432AD001A100F3050A /* XCTestCase+Helpers.swift */ = {isa = PBXFileReference; lastKnownFileType = sourcecode.swift; path = "XCTestCase+Helpers.swift"; sourceTree = "<group>"; };
		756BB8282ACC978C00807FF7 /* RemoteFeedLoaderTests.swift */ = {isa = PBXFileReference; lastKnownFileType = sourcecode.swift; path = RemoteFeedLoaderTests.swift; sourceTree = "<group>"; };
		756BB82F2ACD596800807FF7 /* RijksmuseumFeed.framework */ = {isa = PBXFileReference; explicitFileType = wrapper.framework; includeInIndex = 0; path = RijksmuseumFeed.framework; sourceTree = BUILT_PRODUCTS_DIR; };
		756BB8362ACD596800807FF7 /* RijksmuseumFeedTests.xctest */ = {isa = PBXFileReference; explicitFileType = wrapper.cfbundle; includeInIndex = 0; path = RijksmuseumFeedTests.xctest; sourceTree = BUILT_PRODUCTS_DIR; };
		756BB84F2ACD5BBB00807FF7 /* RijskmuseumFeed.xctestplan */ = {isa = PBXFileReference; lastKnownFileType = text; path = RijskmuseumFeed.xctestplan; sourceTree = "<group>"; };
		757CB07F2ACC2C4F00C8BB1A /* Rijksmuseum.app */ = {isa = PBXFileReference; explicitFileType = wrapper.application; includeInIndex = 0; path = Rijksmuseum.app; sourceTree = BUILT_PRODUCTS_DIR; };
		757CB0842ACC2C4F00C8BB1A /* SceneDelegate.swift */ = {isa = PBXFileReference; lastKnownFileType = sourcecode.swift; path = SceneDelegate.swift; sourceTree = "<group>"; };
		757CB0862ACC2C4F00C8BB1A /* FeedViewController.swift */ = {isa = PBXFileReference; lastKnownFileType = sourcecode.swift; path = FeedViewController.swift; sourceTree = "<group>"; };
		757CB0892ACC2C4F00C8BB1A /* Base */ = {isa = PBXFileReference; lastKnownFileType = file.storyboard; name = Base; path = Base.lproj/Main.storyboard; sourceTree = "<group>"; };
		757CB08B2ACC2C5000C8BB1A /* Assets.xcassets */ = {isa = PBXFileReference; lastKnownFileType = folder.assetcatalog; path = Assets.xcassets; sourceTree = "<group>"; };
		757CB08E2ACC2C5000C8BB1A /* Base */ = {isa = PBXFileReference; lastKnownFileType = file.storyboard; name = Base; path = Base.lproj/LaunchScreen.storyboard; sourceTree = "<group>"; };
		757CB0902ACC2C5000C8BB1A /* Info.plist */ = {isa = PBXFileReference; lastKnownFileType = text.plist.xml; path = Info.plist; sourceTree = "<group>"; };
		757CB0952ACC2C5000C8BB1A /* RijksmuseumTests.xctest */ = {isa = PBXFileReference; explicitFileType = wrapper.cfbundle; includeInIndex = 0; path = RijksmuseumTests.xctest; sourceTree = BUILT_PRODUCTS_DIR; };
		757CB0A32ACC2C5000C8BB1A /* RijksmuseumUITests.swift */ = {isa = PBXFileReference; lastKnownFileType = sourcecode.swift; path = RijksmuseumUITests.swift; sourceTree = "<group>"; };
		757CB0A52ACC2C5000C8BB1A /* RijksmuseumUITestsLaunchTests.swift */ = {isa = PBXFileReference; lastKnownFileType = sourcecode.swift; path = RijksmuseumUITestsLaunchTests.swift; sourceTree = "<group>"; };
		757CB0B52ACC2DEA00C8BB1A /* AppDelegate.swift */ = {isa = PBXFileReference; fileEncoding = 4; lastKnownFileType = sourcecode.swift; path = AppDelegate.swift; sourceTree = "<group>"; };
		757CB0B72ACC2EB200C8BB1A /* Rijksmuseum.xctestplan */ = {isa = PBXFileReference; lastKnownFileType = text; path = Rijksmuseum.xctestplan; sourceTree = "<group>"; };
		757CB0B82ACC31B300C8BB1A /* FeedItem.swift */ = {isa = PBXFileReference; lastKnownFileType = sourcecode.swift; path = FeedItem.swift; sourceTree = "<group>"; };
		757CB0BB2ACC335900C8BB1A /* HTTPClient.swift */ = {isa = PBXFileReference; lastKnownFileType = sourcecode.swift; path = HTTPClient.swift; sourceTree = "<group>"; };
		757CB0BD2ACC33A000C8BB1A /* URLSessionHTTPClient.swift */ = {isa = PBXFileReference; lastKnownFileType = sourcecode.swift; path = URLSessionHTTPClient.swift; sourceTree = "<group>"; };
		757CB0C02ACC350800C8BB1A /* URLSessionHTTPClientTests.swift */ = {isa = PBXFileReference; lastKnownFileType = sourcecode.swift; path = URLSessionHTTPClientTests.swift; sourceTree = "<group>"; };
		75BB79A92AD0580200727138 /* UIView+Shimmering.swift */ = {isa = PBXFileReference; lastKnownFileType = sourcecode.swift; path = "UIView+Shimmering.swift"; sourceTree = "<group>"; };
		75E455082AD1482000CD3D32 /* UIComposer.swift */ = {isa = PBXFileReference; lastKnownFileType = sourcecode.swift; path = UIComposer.swift; sourceTree = "<group>"; };
		75E4550C2AD14A3700CD3D32 /* RMAuthorizedHttpClient.swift */ = {isa = PBXFileReference; lastKnownFileType = sourcecode.swift; path = RMAuthorizedHttpClient.swift; sourceTree = "<group>"; };
/* End PBXFileReference section */

/* Begin PBXFrameworksBuildPhase section */
		756BB82C2ACD596800807FF7 /* Frameworks */ = {
			isa = PBXFrameworksBuildPhase;
			buildActionMask = 2147483647;
			files = (
			);
			runOnlyForDeploymentPostprocessing = 0;
		};
		756BB8332ACD596800807FF7 /* Frameworks */ = {
			isa = PBXFrameworksBuildPhase;
			buildActionMask = 2147483647;
			files = (
				756BB8372ACD596800807FF7 /* RijksmuseumFeed.framework in Frameworks */,
			);
			runOnlyForDeploymentPostprocessing = 0;
		};
		757CB07C2ACC2C4F00C8BB1A /* Frameworks */ = {
			isa = PBXFrameworksBuildPhase;
			buildActionMask = 2147483647;
			files = (
				756BB8422ACD596800807FF7 /* RijksmuseumFeed.framework in Frameworks */,
			);
			runOnlyForDeploymentPostprocessing = 0;
		};
		757CB0922ACC2C5000C8BB1A /* Frameworks */ = {
			isa = PBXFrameworksBuildPhase;
			buildActionMask = 2147483647;
			files = (
			);
			runOnlyForDeploymentPostprocessing = 0;
		};
/* End PBXFrameworksBuildPhase section */

/* Begin PBXGroup section */
		756BB8302ACD596800807FF7 /* RijksmuseumFeed */ = {
			isa = PBXGroup;
			children = (
				757CB0BA2ACC333600C8BB1A /* Feed API */,
				757CB0B22ACC2D3B00C8BB1A /* Feed Feature */,
			);
			path = RijksmuseumFeed;
			sourceTree = "<group>";
		};
		756BB83C2ACD596800807FF7 /* RijksmuseumFeedTests */ = {
			isa = PBXGroup;
			children = (
				757CB0BF2ACC34E700C8BB1A /* Feed API */,
				753641432AD001A100F3050A /* XCTestCase+Helpers.swift */,
			);
			path = RijksmuseumFeedTests;
			sourceTree = "<group>";
		};
		757CB0762ACC2C4F00C8BB1A = {
			isa = PBXGroup;
			children = (
				756BB84F2ACD5BBB00807FF7 /* RijskmuseumFeed.xctestplan */,
				757CB0B72ACC2EB200C8BB1A /* Rijksmuseum.xctestplan */,
				757CB0812ACC2C4F00C8BB1A /* Rijksmuseum */,
				757CB0982ACC2C5000C8BB1A /* RijksmuseumTests */,
				757CB0A22ACC2C5000C8BB1A /* RijksmuseumUITests */,
				756BB8302ACD596800807FF7 /* RijksmuseumFeed */,
				756BB83C2ACD596800807FF7 /* RijksmuseumFeedTests */,
				757CB0802ACC2C4F00C8BB1A /* Products */,
			);
			sourceTree = "<group>";
		};
		757CB0802ACC2C4F00C8BB1A /* Products */ = {
			isa = PBXGroup;
			children = (
				757CB07F2ACC2C4F00C8BB1A /* Rijksmuseum.app */,
				757CB0952ACC2C5000C8BB1A /* RijksmuseumTests.xctest */,
				756BB82F2ACD596800807FF7 /* RijksmuseumFeed.framework */,
				756BB8362ACD596800807FF7 /* RijksmuseumFeedTests.xctest */,
			);
			name = Products;
			sourceTree = "<group>";
		};
		757CB0812ACC2C4F00C8BB1A /* Rijksmuseum */ = {
			isa = PBXGroup;
			children = (
				757CB0B42ACC2D8200C8BB1A /* UI */,
				757CB0B32ACC2D6C00C8BB1A /* Resources */,
				757CB0842ACC2C4F00C8BB1A /* SceneDelegate.swift */,
				75E455082AD1482000CD3D32 /* UIComposer.swift */,
				757CB0B52ACC2DEA00C8BB1A /* AppDelegate.swift */,
				757CB0902ACC2C5000C8BB1A /* Info.plist */,
			);
			path = Rijksmuseum;
			sourceTree = "<group>";
		};
		757CB0982ACC2C5000C8BB1A /* RijksmuseumTests */ = {
			isa = PBXGroup;
			children = (
				753641412ACFFC2900F3050A /* FeedViewControllerTests.swift */,
			);
			path = RijksmuseumTests;
			sourceTree = "<group>";
		};
		757CB0A22ACC2C5000C8BB1A /* RijksmuseumUITests */ = {
			isa = PBXGroup;
			children = (
				757CB0A32ACC2C5000C8BB1A /* RijksmuseumUITests.swift */,
				757CB0A52ACC2C5000C8BB1A /* RijksmuseumUITestsLaunchTests.swift */,
			);
			path = RijksmuseumUITests;
			sourceTree = "<group>";
		};
		757CB0B22ACC2D3B00C8BB1A /* Feed Feature */ = {
			isa = PBXGroup;
			children = (
				757CB0B82ACC31B300C8BB1A /* FeedItem.swift */,
			);
			path = "Feed Feature";
			sourceTree = "<group>";
		};
		757CB0B32ACC2D6C00C8BB1A /* Resources */ = {
			isa = PBXGroup;
			children = (
				757CB08B2ACC2C5000C8BB1A /* Assets.xcassets */,
				757CB08D2ACC2C5000C8BB1A /* LaunchScreen.storyboard */,
				757CB0882ACC2C4F00C8BB1A /* Main.storyboard */,
			);
			path = Resources;
			sourceTree = "<group>";
		};
		757CB0B42ACC2D8200C8BB1A /* UI */ = {
			isa = PBXGroup;
			children = (
				757CB0862ACC2C4F00C8BB1A /* FeedViewController.swift */,
				7536413D2ACFEC0000F3050A /* FeedItemViewModel+Prototype.swift */,
				7536413F2ACFEC7D00F3050A /* FeedItemCell.swift */,
				75BB79A92AD0580200727138 /* UIView+Shimmering.swift */,
			);
			path = UI;
			sourceTree = "<group>";
		};
		757CB0BA2ACC333600C8BB1A /* Feed API */ = {
			isa = PBXGroup;
			children = (
				757CB0BB2ACC335900C8BB1A /* HTTPClient.swift */,
				757CB0BD2ACC33A000C8BB1A /* URLSessionHTTPClient.swift */,
				75E4550C2AD14A3700CD3D32 /* RMAuthorizedHttpClient.swift */,
				753641392ACF1E3500F3050A /* RemoteFeedLoader.swift */,
				7536413B2ACF1E6100F3050A /* RemoteFeedItem.swift */,
			);
			path = "Feed API";
			sourceTree = "<group>";
		};
		757CB0BF2ACC34E700C8BB1A /* Feed API */ = {
			isa = PBXGroup;
			children = (
				757CB0C02ACC350800C8BB1A /* URLSessionHTTPClientTests.swift */,
				756BB8282ACC978C00807FF7 /* RemoteFeedLoaderTests.swift */,
			);
			path = "Feed API";
			sourceTree = "<group>";
		};
/* End PBXGroup section */

/* Begin PBXHeadersBuildPhase section */
		756BB82A2ACD596800807FF7 /* Headers */ = {
			isa = PBXHeadersBuildPhase;
			buildActionMask = 2147483647;
			files = (
			);
			runOnlyForDeploymentPostprocessing = 0;
		};
/* End PBXHeadersBuildPhase section */

/* Begin PBXNativeTarget section */
		756BB82E2ACD596800807FF7 /* RijksmuseumFeed */ = {
			isa = PBXNativeTarget;
			buildConfigurationList = 756BB8442ACD596800807FF7 /* Build configuration list for PBXNativeTarget "RijksmuseumFeed" */;
			buildPhases = (
				756BB82A2ACD596800807FF7 /* Headers */,
				756BB82B2ACD596800807FF7 /* Sources */,
				756BB82C2ACD596800807FF7 /* Frameworks */,
				756BB82D2ACD596800807FF7 /* Resources */,
			);
			buildRules = (
			);
			dependencies = (
			);
			name = RijksmuseumFeed;
			productName = RijskmuseumFeed;
			productReference = 756BB82F2ACD596800807FF7 /* RijksmuseumFeed.framework */;
			productType = "com.apple.product-type.framework";
		};
		756BB8352ACD596800807FF7 /* RijksmuseumFeedTests */ = {
			isa = PBXNativeTarget;
			buildConfigurationList = 756BB8482ACD596800807FF7 /* Build configuration list for PBXNativeTarget "RijksmuseumFeedTests" */;
			buildPhases = (
				756BB8322ACD596800807FF7 /* Sources */,
				756BB8332ACD596800807FF7 /* Frameworks */,
				756BB8342ACD596800807FF7 /* Resources */,
			);
			buildRules = (
			);
			dependencies = (
				756BB8392ACD596800807FF7 /* PBXTargetDependency */,
				7512638F2ACD5F3200E4BD70 /* PBXTargetDependency */,
			);
			name = RijksmuseumFeedTests;
			productName = RijskmuseumFeedTests;
			productReference = 756BB8362ACD596800807FF7 /* RijksmuseumFeedTests.xctest */;
			productType = "com.apple.product-type.bundle.unit-test";
		};
		757CB07E2ACC2C4F00C8BB1A /* Rijksmuseum */ = {
			isa = PBXNativeTarget;
			buildConfigurationList = 757CB0A92ACC2C5000C8BB1A /* Build configuration list for PBXNativeTarget "Rijksmuseum" */;
			buildPhases = (
				757CB07B2ACC2C4F00C8BB1A /* Sources */,
				757CB07C2ACC2C4F00C8BB1A /* Frameworks */,
				757CB07D2ACC2C4F00C8BB1A /* Resources */,
				756BB8472ACD596800807FF7 /* Embed Frameworks */,
			);
			buildRules = (
			);
			dependencies = (
				756BB8412ACD596800807FF7 /* PBXTargetDependency */,
			);
			name = Rijksmuseum;
			productName = Rijksmuseum;
			productReference = 757CB07F2ACC2C4F00C8BB1A /* Rijksmuseum.app */;
			productType = "com.apple.product-type.application";
		};
		757CB0942ACC2C5000C8BB1A /* RijksmuseumTests */ = {
			isa = PBXNativeTarget;
			buildConfigurationList = 757CB0AC2ACC2C5000C8BB1A /* Build configuration list for PBXNativeTarget "RijksmuseumTests" */;
			buildPhases = (
				757CB0912ACC2C5000C8BB1A /* Sources */,
				757CB0922ACC2C5000C8BB1A /* Frameworks */,
				757CB0932ACC2C5000C8BB1A /* Resources */,
			);
			buildRules = (
			);
			dependencies = (
				757CB0972ACC2C5000C8BB1A /* PBXTargetDependency */,
			);
			name = RijksmuseumTests;
			productName = RijksmuseumTests;
			productReference = 757CB0952ACC2C5000C8BB1A /* RijksmuseumTests.xctest */;
			productType = "com.apple.product-type.bundle.unit-test";
		};
/* End PBXNativeTarget section */

/* Begin PBXProject section */
		757CB0772ACC2C4F00C8BB1A /* Project object */ = {
			isa = PBXProject;
			attributes = {
				BuildIndependentTargetsInParallel = 1;
				LastSwiftUpdateCheck = 1500;
				LastUpgradeCheck = 1430;
				TargetAttributes = {
					756BB82E2ACD596800807FF7 = {
						CreatedOnToolsVersion = 15.0;
					};
					756BB8352ACD596800807FF7 = {
						CreatedOnToolsVersion = 15.0;
					};
					757CB07E2ACC2C4F00C8BB1A = {
						CreatedOnToolsVersion = 14.3.1;
					};
					757CB0942ACC2C5000C8BB1A = {
						CreatedOnToolsVersion = 14.3.1;
						LastSwiftMigration = 1500;
						TestTargetID = 757CB07E2ACC2C4F00C8BB1A;
					};
				};
			};
			buildConfigurationList = 757CB07A2ACC2C4F00C8BB1A /* Build configuration list for PBXProject "Rijksmuseum" */;
			compatibilityVersion = "Xcode 14.0";
			developmentRegion = en;
			hasScannedForEncodings = 0;
			knownRegions = (
				en,
				Base,
			);
			mainGroup = 757CB0762ACC2C4F00C8BB1A;
			productRefGroup = 757CB0802ACC2C4F00C8BB1A /* Products */;
			projectDirPath = "";
			projectRoot = "";
			targets = (
				757CB07E2ACC2C4F00C8BB1A /* Rijksmuseum */,
				757CB0942ACC2C5000C8BB1A /* RijksmuseumTests */,
				756BB82E2ACD596800807FF7 /* RijksmuseumFeed */,
				756BB8352ACD596800807FF7 /* RijksmuseumFeedTests */,
			);
		};
/* End PBXProject section */

/* Begin PBXResourcesBuildPhase section */
		756BB82D2ACD596800807FF7 /* Resources */ = {
			isa = PBXResourcesBuildPhase;
			buildActionMask = 2147483647;
			files = (
			);
			runOnlyForDeploymentPostprocessing = 0;
		};
		756BB8342ACD596800807FF7 /* Resources */ = {
			isa = PBXResourcesBuildPhase;
			buildActionMask = 2147483647;
			files = (
			);
			runOnlyForDeploymentPostprocessing = 0;
		};
		757CB07D2ACC2C4F00C8BB1A /* Resources */ = {
			isa = PBXResourcesBuildPhase;
			buildActionMask = 2147483647;
			files = (
				757CB08F2ACC2C5000C8BB1A /* LaunchScreen.storyboard in Resources */,
				757CB08C2ACC2C5000C8BB1A /* Assets.xcassets in Resources */,
				757CB08A2ACC2C4F00C8BB1A /* Main.storyboard in Resources */,
			);
			runOnlyForDeploymentPostprocessing = 0;
		};
		757CB0932ACC2C5000C8BB1A /* Resources */ = {
			isa = PBXResourcesBuildPhase;
			buildActionMask = 2147483647;
			files = (
			);
			runOnlyForDeploymentPostprocessing = 0;
		};
/* End PBXResourcesBuildPhase section */

/* Begin PBXSourcesBuildPhase section */
		756BB82B2ACD596800807FF7 /* Sources */ = {
			isa = PBXSourcesBuildPhase;
			buildActionMask = 2147483647;
			files = (
				75E4550D2AD14A3700CD3D32 /* RMAuthorizedHttpClient.swift in Sources */,
				7536413A2ACF1E3500F3050A /* RemoteFeedLoader.swift in Sources */,
				7536413C2ACF1E6100F3050A /* RemoteFeedItem.swift in Sources */,
				756BB84B2ACD5B2200807FF7 /* HTTPClient.swift in Sources */,
				756BB84C2ACD5B2600807FF7 /* URLSessionHTTPClient.swift in Sources */,
				751263912ACD60EF00E4BD70 /* FeedItem.swift in Sources */,
			);
			runOnlyForDeploymentPostprocessing = 0;
		};
		756BB8322ACD596800807FF7 /* Sources */ = {
			isa = PBXSourcesBuildPhase;
			buildActionMask = 2147483647;
			files = (
				753641442AD001A100F3050A /* XCTestCase+Helpers.swift in Sources */,
				756BB84E2ACD5B5100807FF7 /* RemoteFeedLoaderTests.swift in Sources */,
				756BB84D2ACD5B4C00807FF7 /* URLSessionHTTPClientTests.swift in Sources */,
			);
			runOnlyForDeploymentPostprocessing = 0;
		};
		757CB07B2ACC2C4F00C8BB1A /* Sources */ = {
			isa = PBXSourcesBuildPhase;
			buildActionMask = 2147483647;
			files = (
				7536413E2ACFEC0000F3050A /* FeedItemViewModel+Prototype.swift in Sources */,
				757CB0B62ACC2DEA00C8BB1A /* AppDelegate.swift in Sources */,
				757CB0872ACC2C4F00C8BB1A /* FeedViewController.swift in Sources */,
				75BB79AA2AD0580200727138 /* UIView+Shimmering.swift in Sources */,
				757CB0852ACC2C4F00C8BB1A /* SceneDelegate.swift in Sources */,
				753641402ACFEC7D00F3050A /* FeedItemCell.swift in Sources */,
				75E455092AD1482000CD3D32 /* UIComposer.swift in Sources */,
			);
			runOnlyForDeploymentPostprocessing = 0;
		};
		757CB0912ACC2C5000C8BB1A /* Sources */ = {
			isa = PBXSourcesBuildPhase;
			buildActionMask = 2147483647;
			files = (
				75BB79AB2AD0587F00727138 /* UIView+Shimmering.swift in Sources */,
				753641452AD001AD00F3050A /* XCTestCase+Helpers.swift in Sources */,
				753641422ACFFC2900F3050A /* FeedViewControllerTests.swift in Sources */,
			);
			runOnlyForDeploymentPostprocessing = 0;
		};
/* End PBXSourcesBuildPhase section */

/* Begin PBXTargetDependency section */
		7512638F2ACD5F3200E4BD70 /* PBXTargetDependency */ = {
			isa = PBXTargetDependency;
			target = 757CB07E2ACC2C4F00C8BB1A /* Rijksmuseum */;
			targetProxy = 7512638E2ACD5F3200E4BD70 /* PBXContainerItemProxy */;
		};
		756BB8392ACD596800807FF7 /* PBXTargetDependency */ = {
			isa = PBXTargetDependency;
			target = 756BB82E2ACD596800807FF7 /* RijksmuseumFeed */;
			targetProxy = 756BB8382ACD596800807FF7 /* PBXContainerItemProxy */;
		};
		756BB8412ACD596800807FF7 /* PBXTargetDependency */ = {
			isa = PBXTargetDependency;
			target = 756BB82E2ACD596800807FF7 /* RijksmuseumFeed */;
			targetProxy = 756BB8402ACD596800807FF7 /* PBXContainerItemProxy */;
		};
		757CB0972ACC2C5000C8BB1A /* PBXTargetDependency */ = {
			isa = PBXTargetDependency;
			target = 757CB07E2ACC2C4F00C8BB1A /* Rijksmuseum */;
			targetProxy = 757CB0962ACC2C5000C8BB1A /* PBXContainerItemProxy */;
		};
/* End PBXTargetDependency section */

/* Begin PBXVariantGroup section */
		757CB0882ACC2C4F00C8BB1A /* Main.storyboard */ = {
			isa = PBXVariantGroup;
			children = (
				757CB0892ACC2C4F00C8BB1A /* Base */,
			);
			name = Main.storyboard;
			sourceTree = "<group>";
		};
		757CB08D2ACC2C5000C8BB1A /* LaunchScreen.storyboard */ = {
			isa = PBXVariantGroup;
			children = (
				757CB08E2ACC2C5000C8BB1A /* Base */,
			);
			name = LaunchScreen.storyboard;
			sourceTree = "<group>";
		};
/* End PBXVariantGroup section */

/* Begin XCBuildConfiguration section */
		756BB8452ACD596800807FF7 /* Debug */ = {
			isa = XCBuildConfiguration;
			buildSettings = {
				ASSETCATALOG_COMPILER_GENERATE_SWIFT_ASSET_SYMBOL_EXTENSIONS = YES;
				CODE_SIGN_STYLE = Automatic;
				CURRENT_PROJECT_VERSION = 1;
				DEFINES_MODULE = YES;
				DEVELOPMENT_TEAM = 4TDY757HQH;
				DYLIB_COMPATIBILITY_VERSION = 1;
				DYLIB_CURRENT_VERSION = 1;
				DYLIB_INSTALL_NAME_BASE = "@rpath";
				ENABLE_MODULE_VERIFIER = YES;
				ENABLE_USER_SCRIPT_SANDBOXING = YES;
				GCC_C_LANGUAGE_STANDARD = gnu17;
				GENERATE_INFOPLIST_FILE = YES;
				INFOPLIST_KEY_NSHumanReadableCopyright = "";
				INSTALL_PATH = "$(LOCAL_LIBRARY_DIR)/Frameworks";
				IPHONEOS_DEPLOYMENT_TARGET = 16.0;
				LD_RUNPATH_SEARCH_PATHS = (
					"$(inherited)",
					"@executable_path/Frameworks",
					"@loader_path/Frameworks",
				);
				LOCALIZATION_PREFERS_STRING_CATALOGS = YES;
				MARKETING_VERSION = 1.0;
				MODULE_VERIFIER_SUPPORTED_LANGUAGES = "objective-c objective-c++";
				MODULE_VERIFIER_SUPPORTED_LANGUAGE_STANDARDS = "gnu17 gnu++20";
				PRODUCT_BUNDLE_IDENTIFIER = "com.andrii-mamchenko.rijksmuseum-assignment.RijksmuseumFeed";
				PRODUCT_NAME = "$(TARGET_NAME:c99extidentifier)";
				SKIP_INSTALL = YES;
				SUPPORTED_PLATFORMS = "iphoneos iphonesimulator macosx";
				SUPPORTS_MACCATALYST = YES;
				SUPPORTS_MAC_DESIGNED_FOR_IPHONE_IPAD = NO;
				SWIFT_ACTIVE_COMPILATION_CONDITIONS = "DEBUG $(inherited)";
				SWIFT_EMIT_LOC_STRINGS = YES;
				SWIFT_VERSION = 5.0;
				TARGETED_DEVICE_FAMILY = "1,2";
				VERSIONING_SYSTEM = "apple-generic";
				VERSION_INFO_PREFIX = "";
			};
			name = Debug;
		};
		756BB8462ACD596800807FF7 /* Release */ = {
			isa = XCBuildConfiguration;
			buildSettings = {
				ASSETCATALOG_COMPILER_GENERATE_SWIFT_ASSET_SYMBOL_EXTENSIONS = YES;
				CODE_SIGN_STYLE = Automatic;
				CURRENT_PROJECT_VERSION = 1;
				DEFINES_MODULE = YES;
				DEVELOPMENT_TEAM = 4TDY757HQH;
				DYLIB_COMPATIBILITY_VERSION = 1;
				DYLIB_CURRENT_VERSION = 1;
				DYLIB_INSTALL_NAME_BASE = "@rpath";
				ENABLE_MODULE_VERIFIER = YES;
				ENABLE_USER_SCRIPT_SANDBOXING = YES;
				GCC_C_LANGUAGE_STANDARD = gnu17;
				GENERATE_INFOPLIST_FILE = YES;
				INFOPLIST_KEY_NSHumanReadableCopyright = "";
				INSTALL_PATH = "$(LOCAL_LIBRARY_DIR)/Frameworks";
				IPHONEOS_DEPLOYMENT_TARGET = 16.0;
				LD_RUNPATH_SEARCH_PATHS = (
					"$(inherited)",
					"@executable_path/Frameworks",
					"@loader_path/Frameworks",
				);
				LOCALIZATION_PREFERS_STRING_CATALOGS = YES;
				MARKETING_VERSION = 1.0;
				MODULE_VERIFIER_SUPPORTED_LANGUAGES = "objective-c objective-c++";
				MODULE_VERIFIER_SUPPORTED_LANGUAGE_STANDARDS = "gnu17 gnu++20";
				PRODUCT_BUNDLE_IDENTIFIER = "com.andrii-mamchenko.rijksmuseum-assignment.RijksmuseumFeed";
				PRODUCT_NAME = "$(TARGET_NAME:c99extidentifier)";
				SKIP_INSTALL = YES;
				SUPPORTED_PLATFORMS = "iphoneos iphonesimulator macosx";
				SUPPORTS_MACCATALYST = YES;
				SUPPORTS_MAC_DESIGNED_FOR_IPHONE_IPAD = NO;
				SWIFT_EMIT_LOC_STRINGS = YES;
				SWIFT_VERSION = 5.0;
				TARGETED_DEVICE_FAMILY = "1,2";
				VERSIONING_SYSTEM = "apple-generic";
				VERSION_INFO_PREFIX = "";
			};
			name = Release;
		};
		756BB8492ACD596800807FF7 /* Debug */ = {
			isa = XCBuildConfiguration;
			buildSettings = {
				ALWAYS_EMBED_SWIFT_STANDARD_LIBRARIES = YES;
				ASSETCATALOG_COMPILER_GENERATE_SWIFT_ASSET_SYMBOL_EXTENSIONS = YES;
				CODE_SIGN_STYLE = Automatic;
				CURRENT_PROJECT_VERSION = 1;
				DEVELOPMENT_TEAM = 4TDY757HQH;
				ENABLE_USER_SCRIPT_SANDBOXING = YES;
				GCC_C_LANGUAGE_STANDARD = gnu17;
				GENERATE_INFOPLIST_FILE = YES;
				IPHONEOS_DEPLOYMENT_TARGET = 16.0;
				LOCALIZATION_PREFERS_STRING_CATALOGS = YES;
				MARKETING_VERSION = 1.0;
				PRODUCT_BUNDLE_IDENTIFIER = "com.andrii-mamchenko.rijksmuseum-assignment.RijksmuseumFeedTests";
				PRODUCT_NAME = "$(TARGET_NAME)";
				SUPPORTED_PLATFORMS = "iphoneos iphonesimulator macosx";
				SUPPORTS_MACCATALYST = NO;
				SUPPORTS_MAC_DESIGNED_FOR_IPHONE_IPAD = NO;
				SWIFT_ACTIVE_COMPILATION_CONDITIONS = "DEBUG $(inherited)";
				SWIFT_EMIT_LOC_STRINGS = NO;
				SWIFT_VERSION = 5.0;
				TARGETED_DEVICE_FAMILY = 1;
			};
			name = Debug;
		};
		756BB84A2ACD596800807FF7 /* Release */ = {
			isa = XCBuildConfiguration;
			buildSettings = {
				ALWAYS_EMBED_SWIFT_STANDARD_LIBRARIES = YES;
				ASSETCATALOG_COMPILER_GENERATE_SWIFT_ASSET_SYMBOL_EXTENSIONS = YES;
				CODE_SIGN_STYLE = Automatic;
				CURRENT_PROJECT_VERSION = 1;
				DEVELOPMENT_TEAM = 4TDY757HQH;
				ENABLE_USER_SCRIPT_SANDBOXING = YES;
				GCC_C_LANGUAGE_STANDARD = gnu17;
				GENERATE_INFOPLIST_FILE = YES;
				IPHONEOS_DEPLOYMENT_TARGET = 16.0;
				LOCALIZATION_PREFERS_STRING_CATALOGS = YES;
				MARKETING_VERSION = 1.0;
				PRODUCT_BUNDLE_IDENTIFIER = "com.andrii-mamchenko.rijksmuseum-assignment.RijksmuseumFeedTests";
				PRODUCT_NAME = "$(TARGET_NAME)";
				SUPPORTED_PLATFORMS = "iphoneos iphonesimulator macosx";
				SUPPORTS_MACCATALYST = NO;
				SUPPORTS_MAC_DESIGNED_FOR_IPHONE_IPAD = NO;
				SWIFT_EMIT_LOC_STRINGS = NO;
				SWIFT_VERSION = 5.0;
				TARGETED_DEVICE_FAMILY = 1;
			};
			name = Release;
		};
		757CB0A72ACC2C5000C8BB1A /* Debug */ = {
			isa = XCBuildConfiguration;
			buildSettings = {
				ALWAYS_SEARCH_USER_PATHS = NO;
				CLANG_ANALYZER_NONNULL = YES;
				CLANG_ANALYZER_NUMBER_OBJECT_CONVERSION = YES_AGGRESSIVE;
				CLANG_CXX_LANGUAGE_STANDARD = "gnu++20";
				CLANG_ENABLE_MODULES = YES;
				CLANG_ENABLE_OBJC_ARC = YES;
				CLANG_ENABLE_OBJC_WEAK = YES;
				CLANG_WARN_BLOCK_CAPTURE_AUTORELEASING = YES;
				CLANG_WARN_BOOL_CONVERSION = YES;
				CLANG_WARN_COMMA = YES;
				CLANG_WARN_CONSTANT_CONVERSION = YES;
				CLANG_WARN_DEPRECATED_OBJC_IMPLEMENTATIONS = YES;
				CLANG_WARN_DIRECT_OBJC_ISA_USAGE = YES_ERROR;
				CLANG_WARN_DOCUMENTATION_COMMENTS = YES;
				CLANG_WARN_EMPTY_BODY = YES;
				CLANG_WARN_ENUM_CONVERSION = YES;
				CLANG_WARN_INFINITE_RECURSION = YES;
				CLANG_WARN_INT_CONVERSION = YES;
				CLANG_WARN_NON_LITERAL_NULL_CONVERSION = YES;
				CLANG_WARN_OBJC_IMPLICIT_RETAIN_SELF = YES;
				CLANG_WARN_OBJC_LITERAL_CONVERSION = YES;
				CLANG_WARN_OBJC_ROOT_CLASS = YES_ERROR;
				CLANG_WARN_QUOTED_INCLUDE_IN_FRAMEWORK_HEADER = YES;
				CLANG_WARN_RANGE_LOOP_ANALYSIS = YES;
				CLANG_WARN_STRICT_PROTOTYPES = YES;
				CLANG_WARN_SUSPICIOUS_MOVE = YES;
				CLANG_WARN_UNGUARDED_AVAILABILITY = YES_AGGRESSIVE;
				CLANG_WARN_UNREACHABLE_CODE = YES;
				CLANG_WARN__DUPLICATE_METHOD_MATCH = YES;
				COPY_PHASE_STRIP = NO;
				DEBUG_INFORMATION_FORMAT = dwarf;
				ENABLE_STRICT_OBJC_MSGSEND = YES;
				ENABLE_TESTABILITY = YES;
				GCC_C_LANGUAGE_STANDARD = gnu11;
				GCC_DYNAMIC_NO_PIC = NO;
				GCC_NO_COMMON_BLOCKS = YES;
				GCC_OPTIMIZATION_LEVEL = 0;
				GCC_PREPROCESSOR_DEFINITIONS = (
					"DEBUG=1",
					"$(inherited)",
				);
				GCC_WARN_64_TO_32_BIT_CONVERSION = YES;
				GCC_WARN_ABOUT_RETURN_TYPE = YES_ERROR;
				GCC_WARN_UNDECLARED_SELECTOR = YES;
				GCC_WARN_UNINITIALIZED_AUTOS = YES_AGGRESSIVE;
				GCC_WARN_UNUSED_FUNCTION = YES;
				GCC_WARN_UNUSED_VARIABLE = YES;
				IPHONEOS_DEPLOYMENT_TARGET = 16.4;
				MTL_ENABLE_DEBUG_INFO = INCLUDE_SOURCE;
				MTL_FAST_MATH = YES;
				ONLY_ACTIVE_ARCH = YES;
				SDKROOT = iphoneos;
				SWIFT_ACTIVE_COMPILATION_CONDITIONS = DEBUG;
				SWIFT_OPTIMIZATION_LEVEL = "-Onone";
			};
			name = Debug;
		};
		757CB0A82ACC2C5000C8BB1A /* Release */ = {
			isa = XCBuildConfiguration;
			buildSettings = {
				ALWAYS_SEARCH_USER_PATHS = NO;
				CLANG_ANALYZER_NONNULL = YES;
				CLANG_ANALYZER_NUMBER_OBJECT_CONVERSION = YES_AGGRESSIVE;
				CLANG_CXX_LANGUAGE_STANDARD = "gnu++20";
				CLANG_ENABLE_MODULES = YES;
				CLANG_ENABLE_OBJC_ARC = YES;
				CLANG_ENABLE_OBJC_WEAK = YES;
				CLANG_WARN_BLOCK_CAPTURE_AUTORELEASING = YES;
				CLANG_WARN_BOOL_CONVERSION = YES;
				CLANG_WARN_COMMA = YES;
				CLANG_WARN_CONSTANT_CONVERSION = YES;
				CLANG_WARN_DEPRECATED_OBJC_IMPLEMENTATIONS = YES;
				CLANG_WARN_DIRECT_OBJC_ISA_USAGE = YES_ERROR;
				CLANG_WARN_DOCUMENTATION_COMMENTS = YES;
				CLANG_WARN_EMPTY_BODY = YES;
				CLANG_WARN_ENUM_CONVERSION = YES;
				CLANG_WARN_INFINITE_RECURSION = YES;
				CLANG_WARN_INT_CONVERSION = YES;
				CLANG_WARN_NON_LITERAL_NULL_CONVERSION = YES;
				CLANG_WARN_OBJC_IMPLICIT_RETAIN_SELF = YES;
				CLANG_WARN_OBJC_LITERAL_CONVERSION = YES;
				CLANG_WARN_OBJC_ROOT_CLASS = YES_ERROR;
				CLANG_WARN_QUOTED_INCLUDE_IN_FRAMEWORK_HEADER = YES;
				CLANG_WARN_RANGE_LOOP_ANALYSIS = YES;
				CLANG_WARN_STRICT_PROTOTYPES = YES;
				CLANG_WARN_SUSPICIOUS_MOVE = YES;
				CLANG_WARN_UNGUARDED_AVAILABILITY = YES_AGGRESSIVE;
				CLANG_WARN_UNREACHABLE_CODE = YES;
				CLANG_WARN__DUPLICATE_METHOD_MATCH = YES;
				COPY_PHASE_STRIP = NO;
				DEBUG_INFORMATION_FORMAT = "dwarf-with-dsym";
				ENABLE_NS_ASSERTIONS = NO;
				ENABLE_STRICT_OBJC_MSGSEND = YES;
				GCC_C_LANGUAGE_STANDARD = gnu11;
				GCC_NO_COMMON_BLOCKS = YES;
				GCC_WARN_64_TO_32_BIT_CONVERSION = YES;
				GCC_WARN_ABOUT_RETURN_TYPE = YES_ERROR;
				GCC_WARN_UNDECLARED_SELECTOR = YES;
				GCC_WARN_UNINITIALIZED_AUTOS = YES_AGGRESSIVE;
				GCC_WARN_UNUSED_FUNCTION = YES;
				GCC_WARN_UNUSED_VARIABLE = YES;
				IPHONEOS_DEPLOYMENT_TARGET = 16.4;
				MTL_ENABLE_DEBUG_INFO = NO;
				MTL_FAST_MATH = YES;
				SDKROOT = iphoneos;
				SWIFT_COMPILATION_MODE = wholemodule;
				SWIFT_OPTIMIZATION_LEVEL = "-O";
				VALIDATE_PRODUCT = YES;
			};
			name = Release;
		};
		757CB0AA2ACC2C5000C8BB1A /* Debug */ = {
			isa = XCBuildConfiguration;
			buildSettings = {
				ALWAYS_EMBED_SWIFT_STANDARD_LIBRARIES = YES;
				ASSETCATALOG_COMPILER_APPICON_NAME = AppIcon;
				ASSETCATALOG_COMPILER_GLOBAL_ACCENT_COLOR_NAME = AccentColor;
				CODE_SIGN_STYLE = Automatic;
				CURRENT_PROJECT_VERSION = 1;
				DEVELOPMENT_TEAM = 4TDY757HQH;
				GENERATE_INFOPLIST_FILE = YES;
				INFOPLIST_FILE = Rijksmuseum/Info.plist;
				INFOPLIST_KEY_UIApplicationSupportsIndirectInputEvents = YES;
				INFOPLIST_KEY_UILaunchStoryboardName = LaunchScreen;
				INFOPLIST_KEY_UIMainStoryboardFile = Main;
				INFOPLIST_KEY_UISupportedInterfaceOrientations_iPad = "UIInterfaceOrientationPortrait UIInterfaceOrientationPortraitUpsideDown UIInterfaceOrientationLandscapeLeft UIInterfaceOrientationLandscapeRight";
				INFOPLIST_KEY_UISupportedInterfaceOrientations_iPhone = "UIInterfaceOrientationPortrait UIInterfaceOrientationLandscapeLeft UIInterfaceOrientationLandscapeRight";
				IPHONEOS_DEPLOYMENT_TARGET = 16.0;
				LD_RUNPATH_SEARCH_PATHS = (
					"$(inherited)",
					"@executable_path/Frameworks",
				);
				MARKETING_VERSION = 1.0;
				PRODUCT_BUNDLE_IDENTIFIER = "com.andrii-mamchenko.rijksmuseum-assignment.Rijksmuseum";
				PRODUCT_NAME = "$(TARGET_NAME)";
				SWIFT_EMIT_LOC_STRINGS = YES;
				SWIFT_VERSION = 5.0;
				TARGETED_DEVICE_FAMILY = "1,2";
			};
			name = Debug;
		};
		757CB0AB2ACC2C5000C8BB1A /* Release */ = {
			isa = XCBuildConfiguration;
			buildSettings = {
				ALWAYS_EMBED_SWIFT_STANDARD_LIBRARIES = YES;
				ASSETCATALOG_COMPILER_APPICON_NAME = AppIcon;
				ASSETCATALOG_COMPILER_GLOBAL_ACCENT_COLOR_NAME = AccentColor;
				CODE_SIGN_STYLE = Automatic;
				CURRENT_PROJECT_VERSION = 1;
				DEVELOPMENT_TEAM = 4TDY757HQH;
				GENERATE_INFOPLIST_FILE = YES;
				INFOPLIST_FILE = Rijksmuseum/Info.plist;
				INFOPLIST_KEY_UIApplicationSupportsIndirectInputEvents = YES;
				INFOPLIST_KEY_UILaunchStoryboardName = LaunchScreen;
				INFOPLIST_KEY_UIMainStoryboardFile = Main;
				INFOPLIST_KEY_UISupportedInterfaceOrientations_iPad = "UIInterfaceOrientationPortrait UIInterfaceOrientationPortraitUpsideDown UIInterfaceOrientationLandscapeLeft UIInterfaceOrientationLandscapeRight";
				INFOPLIST_KEY_UISupportedInterfaceOrientations_iPhone = "UIInterfaceOrientationPortrait UIInterfaceOrientationLandscapeLeft UIInterfaceOrientationLandscapeRight";
				IPHONEOS_DEPLOYMENT_TARGET = 16.0;
				LD_RUNPATH_SEARCH_PATHS = (
					"$(inherited)",
					"@executable_path/Frameworks",
				);
				MARKETING_VERSION = 1.0;
				PRODUCT_BUNDLE_IDENTIFIER = "com.andrii-mamchenko.rijksmuseum-assignment.Rijksmuseum";
				PRODUCT_NAME = "$(TARGET_NAME)";
				SWIFT_EMIT_LOC_STRINGS = YES;
				SWIFT_VERSION = 5.0;
				TARGETED_DEVICE_FAMILY = "1,2";
			};
			name = Release;
		};
		757CB0AD2ACC2C5000C8BB1A /* Debug */ = {
			isa = XCBuildConfiguration;
			buildSettings = {
				ALWAYS_EMBED_SWIFT_STANDARD_LIBRARIES = YES;
				BUNDLE_LOADER = "$(TEST_HOST)";
				CLANG_ENABLE_MODULES = YES;
				CODE_SIGN_STYLE = Automatic;
				CURRENT_PROJECT_VERSION = 1;
				DEVELOPMENT_TEAM = 4TDY757HQH;
				GENERATE_INFOPLIST_FILE = YES;
				IPHONEOS_DEPLOYMENT_TARGET = 16.4;
				MARKETING_VERSION = 1.0;
				PRODUCT_BUNDLE_IDENTIFIER = "com.andrii-mamchenko.rijksmuseum-assignment.RijksmuseumTests";
				PRODUCT_NAME = "$(TARGET_NAME)";
				SUPPORTED_PLATFORMS = "iphoneos iphonesimulator";
				SUPPORTS_MACCATALYST = NO;
				SUPPORTS_MAC_DESIGNED_FOR_IPHONE_IPAD = NO;
				SWIFT_EMIT_LOC_STRINGS = NO;
				SWIFT_OPTIMIZATION_LEVEL = "-Onone";
				SWIFT_VERSION = 5.0;
				TARGETED_DEVICE_FAMILY = "1,2";
				TEST_HOST = "$(BUILT_PRODUCTS_DIR)/Rijksmuseum.app/$(BUNDLE_EXECUTABLE_FOLDER_PATH)/Rijksmuseum";
			};
			name = Debug;
		};
		757CB0AE2ACC2C5000C8BB1A /* Release */ = {
			isa = XCBuildConfiguration;
			buildSettings = {
				ALWAYS_EMBED_SWIFT_STANDARD_LIBRARIES = YES;
				BUNDLE_LOADER = "$(TEST_HOST)";
				CLANG_ENABLE_MODULES = YES;
				CODE_SIGN_STYLE = Automatic;
				CURRENT_PROJECT_VERSION = 1;
				DEVELOPMENT_TEAM = 4TDY757HQH;
				GENERATE_INFOPLIST_FILE = YES;
				IPHONEOS_DEPLOYMENT_TARGET = 16.4;
				MARKETING_VERSION = 1.0;
				PRODUCT_BUNDLE_IDENTIFIER = "com.andrii-mamchenko.rijksmuseum-assignment.RijksmuseumTests";
				PRODUCT_NAME = "$(TARGET_NAME)";
				SUPPORTED_PLATFORMS = "iphoneos iphonesimulator";
				SUPPORTS_MACCATALYST = NO;
				SUPPORTS_MAC_DESIGNED_FOR_IPHONE_IPAD = NO;
				SWIFT_EMIT_LOC_STRINGS = NO;
				SWIFT_VERSION = 5.0;
				TARGETED_DEVICE_FAMILY = "1,2";
				TEST_HOST = "$(BUILT_PRODUCTS_DIR)/Rijksmuseum.app/$(BUNDLE_EXECUTABLE_FOLDER_PATH)/Rijksmuseum";
			};
			name = Release;
		};
/* End XCBuildConfiguration section */

/* Begin XCConfigurationList section */
		756BB8442ACD596800807FF7 /* Build configuration list for PBXNativeTarget "RijksmuseumFeed" */ = {
			isa = XCConfigurationList;
			buildConfigurations = (
				756BB8452ACD596800807FF7 /* Debug */,
				756BB8462ACD596800807FF7 /* Release */,
			);
			defaultConfigurationIsVisible = 0;
			defaultConfigurationName = Release;
		};
		756BB8482ACD596800807FF7 /* Build configuration list for PBXNativeTarget "RijksmuseumFeedTests" */ = {
			isa = XCConfigurationList;
			buildConfigurations = (
				756BB8492ACD596800807FF7 /* Debug */,
				756BB84A2ACD596800807FF7 /* Release */,
			);
			defaultConfigurationIsVisible = 0;
			defaultConfigurationName = Release;
		};
		757CB07A2ACC2C4F00C8BB1A /* Build configuration list for PBXProject "Rijksmuseum" */ = {
			isa = XCConfigurationList;
			buildConfigurations = (
				757CB0A72ACC2C5000C8BB1A /* Debug */,
				757CB0A82ACC2C5000C8BB1A /* Release */,
			);
			defaultConfigurationIsVisible = 0;
			defaultConfigurationName = Release;
		};
		757CB0A92ACC2C5000C8BB1A /* Build configuration list for PBXNativeTarget "Rijksmuseum" */ = {
			isa = XCConfigurationList;
			buildConfigurations = (
				757CB0AA2ACC2C5000C8BB1A /* Debug */,
				757CB0AB2ACC2C5000C8BB1A /* Release */,
			);
			defaultConfigurationIsVisible = 0;
			defaultConfigurationName = Release;
		};
		757CB0AC2ACC2C5000C8BB1A /* Build configuration list for PBXNativeTarget "RijksmuseumTests" */ = {
			isa = XCConfigurationList;
			buildConfigurations = (
				757CB0AD2ACC2C5000C8BB1A /* Debug */,
				757CB0AE2ACC2C5000C8BB1A /* Release */,
			);
			defaultConfigurationIsVisible = 0;
			defaultConfigurationName = Release;
		};
/* End XCConfigurationList section */
	};
	rootObject = 757CB0772ACC2C4F00C8BB1A /* Project object */;
}
